github.com/ecnepsnai/craigslist v0.0.5 h1:pXVNpjhIZwOIXRpDXF5WBBhBUKXzgHMZnaGZHtAmmAg=
github.com/ecnepsnai/craigslist v0.0.5/go.mod h1:eGmfgj0MQDFivSZM6kc8eny1Z0mx6wD2qR9e09BzJo0=
github.com/google/uuid v1.2.0/go.mod h1:TIyPZe4MgqvfeYDBFedMoGGpEw/LqOeaOT+nhxU+yHo=
github.com/google/uuid v1.3.0 h1:t6JiXgmwXMjEs8VusXIJk2BXHsn+wx8BZdTaoZ5fu7I=
github.com/google/uuid v1.3.0/go.mod h1:TIyPZe4MgqvfeYDBFedMoGGpEw/LqOeaOT+nhxU+yHo=
